
Microsoft Visual Studio Solution File, Format Version 12.00
# Visual Studio 2012
Project("{2150E333-8FDC-42A3-9474-1A3956D46DE8}") = ".nuget", ".nuget", "{8CE7AE2D-B4EF-4601-89AB-47F99B02D8D3}"
	ProjectSection(SolutionItems) = preProject
		.nuget\NuGet.Config = .nuget\NuGet.Config
		.nuget\NuGet.exe = .nuget\NuGet.exe
		.nuget\NuGet.targets = .nuget\NuGet.targets
	EndProjectSection
EndProject
Project("{FAE04EC0-301F-11D3-BF4B-00C04F79EFBC}") = "ArcGisServerPermissionsProxy.Api", "ArcGisServerPermissionsProxy.Api\ArcGisServerPermissionsProxy.Api.csproj", "{DC6C1E7F-3A95-4091-89A2-3C6DE8C46B49}"
EndProject
Project("{FAE04EC0-301F-11D3-BF4B-00C04F79EFBC}") = "ArcGisServerPermissionsProxy.Api.Tests", "ArcGisServerPermissionsProxy.Api.Tests\ArcGisServerPermissionsProxy.Api.Tests.csproj", "{CB03E88B-C5F7-4AC0-B66F-1B5E9E8FEB15}"
EndProject
Project("{FAE04EC0-301F-11D3-BF4B-00C04F79EFBC}") = "AgrcPasswordManagement", "..\..\Libraries\AgrcPasswordManagement\AgrcPasswordManagement.csproj", "{882F2044-A716-43E1-89BD-5B59FACD4F71}"
EndProject
Project("{FAE04EC0-301F-11D3-BF4B-00C04F79EFBC}") = "CommandPattern", "..\..\Libraries\CommandPattern\CommandPattern.csproj", "{B041C22A-A2FA-4805-BB6C-80C1E1C4FE4D}"
EndProject
Global
	GlobalSection(SolutionConfigurationPlatforms) = preSolution
		Debug|Any CPU = Debug|Any CPU
		Release|Any CPU = Release|Any CPU
	EndGlobalSection
	GlobalSection(ProjectConfigurationPlatforms) = postSolution
		{DC6C1E7F-3A95-4091-89A2-3C6DE8C46B49}.Debug|Any CPU.ActiveCfg = Debug|Any CPU
		{DC6C1E7F-3A95-4091-89A2-3C6DE8C46B49}.Debug|Any CPU.Build.0 = Debug|Any CPU
		{DC6C1E7F-3A95-4091-89A2-3C6DE8C46B49}.Release|Any CPU.ActiveCfg = Release|Any CPU
		{DC6C1E7F-3A95-4091-89A2-3C6DE8C46B49}.Release|Any CPU.Build.0 = Release|Any CPU
		{CB03E88B-C5F7-4AC0-B66F-1B5E9E8FEB15}.Debug|Any CPU.ActiveCfg = Debug|Any CPU
		{CB03E88B-C5F7-4AC0-B66F-1B5E9E8FEB15}.Debug|Any CPU.Build.0 = Debug|Any CPU
		{CB03E88B-C5F7-4AC0-B66F-1B5E9E8FEB15}.Release|Any CPU.ActiveCfg = Release|Any CPU
		{CB03E88B-C5F7-4AC0-B66F-1B5E9E8FEB15}.Release|Any CPU.Build.0 = Release|Any CPU
		{882F2044-A716-43E1-89BD-5B59FACD4F71}.Debug|Any CPU.ActiveCfg = Debug|Any CPU
		{882F2044-A716-43E1-89BD-5B59FACD4F71}.Debug|Any CPU.Build.0 = Debug|Any CPU
		{882F2044-A716-43E1-89BD-5B59FACD4F71}.Release|Any CPU.ActiveCfg = Release|Any CPU
		{882F2044-A716-43E1-89BD-5B59FACD4F71}.Release|Any CPU.Build.0 = Release|Any CPU
		{B041C22A-A2FA-4805-BB6C-80C1E1C4FE4D}.Debug|Any CPU.ActiveCfg = Debug|Any CPU
		{B041C22A-A2FA-4805-BB6C-80C1E1C4FE4D}.Debug|Any CPU.Build.0 = Debug|Any CPU
		{B041C22A-A2FA-4805-BB6C-80C1E1C4FE4D}.Release|Any CPU.ActiveCfg = Release|Any CPU
		{B041C22A-A2FA-4805-BB6C-80C1E1C4FE4D}.Release|Any CPU.Build.0 = Release|Any CPU
	EndGlobalSection
	GlobalSection(SolutionProperties) = preSolution
		HideSolutionNode = FALSE
	EndGlobalSection
EndGlobal
